
Microsoft Visual Studio Solution File, Format Version 12.00
# Visual Studio Version 16
VisualStudioVersion = 16.0.29911.84
MinimumVisualStudioVersion = 10.0.40219.1
Project("{888888A0-9F3D-457C-B088-3A5042F75D52}") = "clicker", "clicker.pyproj", "{41F160DB-F66C-4961-9437-AA85AC69935C}"
EndProject
Global
	GlobalSection(SolutionConfigurationPlatforms) = preSolution
		Debug|Any CPU = Debug|Any CPU
		Release|Any CPU = Release|Any CPU
	EndGlobalSection
	GlobalSection(ProjectConfigurationPlatforms) = postSolution
		{41F160DB-F66C-4961-9437-AA85AC69935C}.Debug|Any CPU.ActiveCfg = Debug|Any CPU
		{41F160DB-F66C-4961-9437-AA85AC69935C}.Release|Any CPU.ActiveCfg = Release|Any CPU
	EndGlobalSection
	GlobalSection(SolutionProperties) = preSolution
		HideSolutionNode = FALSE
	EndGlobalSection
	GlobalSection(ExtensibilityGlobals) = postSolution
		SolutionGuid = {57EDA627-4566-4BE8-8DF0-A3682EC6A5A8}
	EndGlobalSection
EndGlobal
